
Microsoft Visual Studio Solution File, Format Version 12.00
# Visual Studio Version 16
VisualStudioVersion = 16.0.30114.105
MinimumVisualStudioVersion = 10.0.40219.1
Project("{FAE04EC0-301F-11D3-BF4B-00C04F79EFBC}") = "gk-p6", "gk-p6\gk-p6.csproj", "{62C0258C-9A63-4F90-AE2D-E5E4515AD782}"
EndProject
Global
	GlobalSection(SolutionConfigurationPlatforms) = preSolution
		Debug|Any CPU = Debug|Any CPU
		Release|Any CPU = Release|Any CPU
	EndGlobalSection
	GlobalSection(ProjectConfigurationPlatforms) = postSolution
		{62C0258C-9A63-4F90-AE2D-E5E4515AD782}.Debug|Any CPU.ActiveCfg = Debug|Any CPU
		{62C0258C-9A63-4F90-AE2D-E5E4515AD782}.Debug|Any CPU.Build.0 = Debug|Any CPU
		{62C0258C-9A63-4F90-AE2D-E5E4515AD782}.Release|Any CPU.ActiveCfg = Release|Any CPU
		{62C0258C-9A63-4F90-AE2D-E5E4515AD782}.Release|Any CPU.Build.0 = Release|Any CPU
	EndGlobalSection
	GlobalSection(SolutionProperties) = preSolution
		HideSolutionNode = FALSE
	EndGlobalSection
	GlobalSection(ExtensibilityGlobals) = postSolution
		SolutionGuid = {71915B7A-26B9-47A6-A77C-BB521C82CF3A}
	EndGlobalSection
EndGlobal
